<?xml version="1.0" encoding="utf-8"?>
<Project ToolsVersion="4.0" xmlns="http://schemas.microsoft.com/developer/msbuild/2003">
  <ItemGroup>
    <Filter Include="源文件">
      <UniqueIdentifier>{4FC737F1-C7A5-4376-A066-2A32D752A2FF}</UniqueIdentifier>
      <Extensions>cpp;c;cc;cxx;def;odl;idl;hpj;bat;asm;asmx</Extensions>
    </Filter>
    <Filter Include="头文件">
      <UniqueIdentifier>{93995380-89BD-4b04-88EB-625FBE52EBFB}</UniqueIdentifier>
      <Extensions>h;hpp;hxx;hm;inl;inc;xsd</Extensions>
    </Filter>
    <Filter Include="资源文件">
      <UniqueIdentifier>{67DA6AB6-F800-4c08-8B7A-83BB121AAD01}</UniqueIdentifier>
      <Extensions>rc;ico;cur;bmp;dlg;rc2;rct;bin;rgs;gif;jpg;jpeg;jpe;resx;tiff;tif;png;wav</Extensions>
    </Filter>
    <Filter Include="AES">
      <UniqueIdentifier>{b29ff44a-6641-4c57-baff-3ab67d14a4de}</UniqueIdentifier>
    </Filter>
  </ItemGroup>
  <ItemGroup>
    <ClCompile Include="AESFile.cpp">
      <Filter>源文件</Filter>
    </ClCompile>
    <ClCompile Include="MHFile.cpp">
      <Filter>源文件</Filter>
    </ClCompile>
    <ClCompile Include="stdafx.cpp">
      <Filter>源文件</Filter>
    </ClCompile>
    <ClCompile Include="UpDataLuch.cpp">
      <Filter>源文件</Filter>
    </ClCompile>
    <ClCompile Include="UpDataLuchDlg.cpp">
      <Filter>源文件</Filter>
    </ClCompile>
    <ClCompile Include="AES\aes.cpp">
      <Filter>AES</Filter>
    </ClCompile>
  </ItemGroup>
  <ItemGroup>
    <ClInclude Include="AESFile.h">
      <Filter>头文件</Filter>
    </ClInclude>
    <ClInclude Include="MHFile.h">
      <Filter>头文件</Filter>
    </ClInclude>
    <ClInclude Include="Resource.h">
      <Filter>头文件</Filter>
    </ClInclude>
    <ClInclude Include="stdafx.h">
      <Filter>头文件</Filter>
    </ClInclude>
    <ClInclude Include="UpDataLuch.h">
      <Filter>头文件</Filter>
    </ClInclude>
    <ClInclude Include="UpDataLuchDlg.h">
      <Filter>头文件</Filter>
    </ClInclude>
    <ClInclude Include="AES\aes.h">
      <Filter>AES</Filter>
    </ClInclude>
  </ItemGroup>
  <ItemGroup>
    <Image Include="res\GMManagerTool1.ico">
      <Filter>资源文件</Filter>
    </Image>
    <Image Include="res\mh.ICO">
      <Filter>资源文件</Filter>
    </Image>
    <Image Include="res\UpDataLuch.ico">
      <Filter>资源文件</Filter>
    </Image>
  </ItemGroup>
  <ItemGroup>
    <ResourceCompile Include="UpDataLuch.rc">
      <Filter>资源文件</Filter>
    </ResourceCompile>
  </ItemGroup>
  <ItemGroup>
    <None Include="res\UpDataLuch.rc2">
      <Filter>资源文件</Filter>
    </None>
  </ItemGroup>
  <ItemGroup>
    <Text Include="ReadMe.txt" />
  </ItemGroup>
</Project>