
Microsoft Visual Studio Solution File, Format Version 8.00
Project("{8BC9CEB8-8B4A-11D0-8D11-00A0C91BC942}") = "DBThread", "..\..\[Lib]DBThread\DBThread.vcproj", "{D311AE33-376D-4A3C-B906-C088F4F9839D}"
	ProjectSection(ProjectDependencies) = postProject
	EndProjectSection
EndProject
Project("{8BC9CEB8-8B4A-11D0-8D11-00A0C91BC942}") = "MHConsole", "..\..\[Lib]MHConsole\MHConsole.vcproj", "{48CC67D9-1BB1-42B9-8E66-BA4A9866E4AA}"
	ProjectSection(ProjectDependencies) = postProject
	EndProjectSection
EndProject
Project("{8BC9CEB8-8B4A-11D0-8D11-00A0C91BC942}") = "I4DyuchiNET", "..\..\4DyuchiNET_Latest\I4DyuchiNET.vcproj", "{1B17878E-9CB1-422B-985C-F07C3E5678D8}"
	ProjectSection(ProjectDependencies) = postProject
	EndProjectSection
EndProject
Project("{8BC9CEB8-8B4A-11D0-8D11-00A0C91BC942}") = "PackingTool", "..\..\TOOLPackingToolNEW\PackingTool.vcproj", "{09ABE509-9B23-4D2F-B2F3-F7B5A5CB953B}"
	ProjectSection(ProjectDependencies) = postProject
	EndProjectSection
EndProject
Global
	GlobalSection(SolutionConfiguration) = preSolution
		Debug = Debug
		DEV = DEV
		JACK = JACK
		NEW _OZMSO_ = NEW _OZMSO_
		NEW GUMMY = NEW GUMMY
		NEW KEN = NEW KEN
		NEW KhairulIkmal = NEW KhairulIkmal
		NEW MissMso = NEW MissMso
		NEW OZMSO = NEW OZMSO
		NEW Raven = NEW Raven
		NEW RiotMSO = NEW RiotMSO
		NEW RUBY = NEW RUBY
		NEW RubyMsoTwo = NEW RubyMsoTwo
		NEW RunupMSO = NEW RunupMSO
		NEW SUPREME = NEW SUPREME
		NEW WARMSO = NEW WARMSO
		Release = Release
		Release KhairulIkmal = Release KhairulIkmal
		Release LIFEMSO = Release LIFEMSO
		Release OriginMSO = Release OriginMSO
		Release OZMSO = Release OZMSO
		Release RavenMso = Release RavenMso
		Release RevoMso = Release RevoMso
		Release RunupMxo = Release RunupMxo
		Release WePlayMSO = Release WePlayMSO
		TESTING = TESTING
	EndGlobalSection
	GlobalSection(ProjectConfiguration) = postSolution
		{D311AE33-376D-4A3C-B906-C088F4F9839D}.Debug.ActiveCfg = Debug|Win32
		{D311AE33-376D-4A3C-B906-C088F4F9839D}.Debug.Build.0 = Debug|Win32
		{D311AE33-376D-4A3C-B906-C088F4F9839D}.DEV.ActiveCfg = Debug|Win32
		{D311AE33-376D-4A3C-B906-C088F4F9839D}.DEV.Build.0 = Debug|Win32
		{D311AE33-376D-4A3C-B906-C088F4F9839D}.JACK.ActiveCfg = Release RunupMxo|Win32
		{D311AE33-376D-4A3C-B906-C088F4F9839D}.JACK.Build.0 = Release RunupMxo|Win32
		{D311AE33-376D-4A3C-B906-C088F4F9839D}.NEW _OZMSO_.ActiveCfg = Release RunupMxo|Win32
		{D311AE33-376D-4A3C-B906-C088F4F9839D}.NEW _OZMSO_.Build.0 = Release RunupMxo|Win32
		{D311AE33-376D-4A3C-B906-C088F4F9839D}.NEW GUMMY.ActiveCfg = Release RunupMxo|Win32
		{D311AE33-376D-4A3C-B906-C088F4F9839D}.NEW GUMMY.Build.0 = Release RunupMxo|Win32
		{D311AE33-376D-4A3C-B906-C088F4F9839D}.NEW KEN.ActiveCfg = Release RunupMxo|Win32
		{D311AE33-376D-4A3C-B906-C088F4F9839D}.NEW KEN.Build.0 = Release RunupMxo|Win32
		{D311AE33-376D-4A3C-B906-C088F4F9839D}.NEW KhairulIkmal.ActiveCfg = Release RunupMxo|Win32
		{D311AE33-376D-4A3C-B906-C088F4F9839D}.NEW KhairulIkmal.Build.0 = Release RunupMxo|Win32
		{D311AE33-376D-4A3C-B906-C088F4F9839D}.NEW MissMso.ActiveCfg = Release RunupMxo|Win32
		{D311AE33-376D-4A3C-B906-C088F4F9839D}.NEW MissMso.Build.0 = Release RunupMxo|Win32
		{D311AE33-376D-4A3C-B906-C088F4F9839D}.NEW OZMSO.ActiveCfg = Release RunupMxo|Win32
		{D311AE33-376D-4A3C-B906-C088F4F9839D}.NEW OZMSO.Build.0 = Release RunupMxo|Win32
		{D311AE33-376D-4A3C-B906-C088F4F9839D}.NEW Raven.ActiveCfg = Release RunupMxo|Win32
		{D311AE33-376D-4A3C-B906-C088F4F9839D}.NEW Raven.Build.0 = Release RunupMxo|Win32
		{D311AE33-376D-4A3C-B906-C088F4F9839D}.NEW RiotMSO.ActiveCfg = Release RunupMxo|Win32
		{D311AE33-376D-4A3C-B906-C088F4F9839D}.NEW RiotMSO.Build.0 = Release RunupMxo|Win32
		{D311AE33-376D-4A3C-B906-C088F4F9839D}.NEW RUBY.ActiveCfg = Release RunupMxo|Win32
		{D311AE33-376D-4A3C-B906-C088F4F9839D}.NEW RUBY.Build.0 = Release RunupMxo|Win32
		{D311AE33-376D-4A3C-B906-C088F4F9839D}.NEW RubyMsoTwo.ActiveCfg = Release RunupMxo|Win32
		{D311AE33-376D-4A3C-B906-C088F4F9839D}.NEW RubyMsoTwo.Build.0 = Release RunupMxo|Win32
		{D311AE33-376D-4A3C-B906-C088F4F9839D}.NEW RunupMSO.ActiveCfg = Release RunupMxo|Win32
		{D311AE33-376D-4A3C-B906-C088F4F9839D}.NEW RunupMSO.Build.0 = Release RunupMxo|Win32
		{D311AE33-376D-4A3C-B906-C088F4F9839D}.NEW SUPREME.ActiveCfg = Release RunupMxo|Win32
		{D311AE33-376D-4A3C-B906-C088F4F9839D}.NEW SUPREME.Build.0 = Release RunupMxo|Win32
		{D311AE33-376D-4A3C-B906-C088F4F9839D}.NEW WARMSO.ActiveCfg = Release RunupMxo|Win32
		{D311AE33-376D-4A3C-B906-C088F4F9839D}.NEW WARMSO.Build.0 = Release RunupMxo|Win32
		{D311AE33-376D-4A3C-B906-C088F4F9839D}.Release.ActiveCfg = Release|Win32
		{D311AE33-376D-4A3C-B906-C088F4F9839D}.Release.Build.0 = Release|Win32
		{D311AE33-376D-4A3C-B906-C088F4F9839D}.Release KhairulIkmal.ActiveCfg = Release KhairulIkmal|Win32
		{D311AE33-376D-4A3C-B906-C088F4F9839D}.Release KhairulIkmal.Build.0 = Release KhairulIkmal|Win32
		{D311AE33-376D-4A3C-B906-C088F4F9839D}.Release LIFEMSO.ActiveCfg = Release RunupMxo|Win32
		{D311AE33-376D-4A3C-B906-C088F4F9839D}.Release LIFEMSO.Build.0 = Release RunupMxo|Win32
		{D311AE33-376D-4A3C-B906-C088F4F9839D}.Release OriginMSO.ActiveCfg = Release RunupMxo|Win32
		{D311AE33-376D-4A3C-B906-C088F4F9839D}.Release OriginMSO.Build.0 = Release RunupMxo|Win32
		{D311AE33-376D-4A3C-B906-C088F4F9839D}.Release OZMSO.ActiveCfg = Release RunupMxo|Win32
		{D311AE33-376D-4A3C-B906-C088F4F9839D}.Release OZMSO.Build.0 = Release RunupMxo|Win32
		{D311AE33-376D-4A3C-B906-C088F4F9839D}.Release RavenMso.ActiveCfg = Release RunupMxo|Win32
		{D311AE33-376D-4A3C-B906-C088F4F9839D}.Release RavenMso.Build.0 = Release RunupMxo|Win32
		{D311AE33-376D-4A3C-B906-C088F4F9839D}.Release RevoMso.ActiveCfg = Release RunupMxo|Win32
		{D311AE33-376D-4A3C-B906-C088F4F9839D}.Release RevoMso.Build.0 = Release RunupMxo|Win32
		{D311AE33-376D-4A3C-B906-C088F4F9839D}.Release RunupMxo.ActiveCfg = Release RunupMxo|Win32
		{D311AE33-376D-4A3C-B906-C088F4F9839D}.Release RunupMxo.Build.0 = Release RunupMxo|Win32
		{D311AE33-376D-4A3C-B906-C088F4F9839D}.Release WePlayMSO.ActiveCfg = Release|Win32
		{D311AE33-376D-4A3C-B906-C088F4F9839D}.Release WePlayMSO.Build.0 = Release|Win32
		{D311AE33-376D-4A3C-B906-C088F4F9839D}.TESTING.ActiveCfg = Release RunupMxo|Win32
		{D311AE33-376D-4A3C-B906-C088F4F9839D}.TESTING.Build.0 = Release RunupMxo|Win32
		{48CC67D9-1BB1-42B9-8E66-BA4A9866E4AA}.Debug.ActiveCfg = Debug|Win32
		{48CC67D9-1BB1-42B9-8E66-BA4A9866E4AA}.Debug.Build.0 = Debug|Win32
		{48CC67D9-1BB1-42B9-8E66-BA4A9866E4AA}.DEV.ActiveCfg = Debug|Win32
		{48CC67D9-1BB1-42B9-8E66-BA4A9866E4AA}.DEV.Build.0 = Debug|Win32
		{48CC67D9-1BB1-42B9-8E66-BA4A9866E4AA}.JACK.ActiveCfg = Release RunupMxo|Win32
		{48CC67D9-1BB1-42B9-8E66-BA4A9866E4AA}.JACK.Build.0 = Release RunupMxo|Win32
		{48CC67D9-1BB1-42B9-8E66-BA4A9866E4AA}.NEW _OZMSO_.ActiveCfg = Release RunupMxo|Win32
		{48CC67D9-1BB1-42B9-8E66-BA4A9866E4AA}.NEW _OZMSO_.Build.0 = Release RunupMxo|Win32
		{48CC67D9-1BB1-42B9-8E66-BA4A9866E4AA}.NEW GUMMY.ActiveCfg = Release RunupMxo|Win32
		{48CC67D9-1BB1-42B9-8E66-BA4A9866E4AA}.NEW GUMMY.Build.0 = Release RunupMxo|Win32
		{48CC67D9-1BB1-42B9-8E66-BA4A9866E4AA}.NEW KEN.ActiveCfg = Release RunupMxo|Win32
		{48CC67D9-1BB1-42B9-8E66-BA4A9866E4AA}.NEW KEN.Build.0 = Release RunupMxo|Win32
		{48CC67D9-1BB1-42B9-8E66-BA4A9866E4AA}.NEW KhairulIkmal.ActiveCfg = Release RunupMxo|Win32
		{48CC67D9-1BB1-42B9-8E66-BA4A9866E4AA}.NEW KhairulIkmal.Build.0 = Release RunupMxo|Win32
		{48CC67D9-1BB1-42B9-8E66-BA4A9866E4AA}.NEW MissMso.ActiveCfg = Release RunupMxo|Win32
		{48CC67D9-1BB1-42B9-8E66-BA4A9866E4AA}.NEW MissMso.Build.0 = Release RunupMxo|Win32
		{48CC67D9-1BB1-42B9-8E66-BA4A9866E4AA}.NEW OZMSO.ActiveCfg = Release RunupMxo|Win32
		{48CC67D9-1BB1-42B9-8E66-BA4A9866E4AA}.NEW OZMSO.Build.0 = Release RunupMxo|Win32
		{48CC67D9-1BB1-42B9-8E66-BA4A9866E4AA}.NEW Raven.ActiveCfg = Release RunupMxo|Win32
		{48CC67D9-1BB1-42B9-8E66-BA4A9866E4AA}.NEW Raven.Build.0 = Release RunupMxo|Win32
		{48CC67D9-1BB1-42B9-8E66-BA4A9866E4AA}.NEW RiotMSO.ActiveCfg = Release RunupMxo|Win32
		{48CC67D9-1BB1-42B9-8E66-BA4A9866E4AA}.NEW RiotMSO.Build.0 = Release RunupMxo|Win32
		{48CC67D9-1BB1-42B9-8E66-BA4A9866E4AA}.NEW RUBY.ActiveCfg = Release RunupMxo|Win32
		{48CC67D9-1BB1-42B9-8E66-BA4A9866E4AA}.NEW RUBY.Build.0 = Release RunupMxo|Win32
		{48CC67D9-1BB1-42B9-8E66-BA4A9866E4AA}.NEW RubyMsoTwo.ActiveCfg = Release RunupMxo|Win32
		{48CC67D9-1BB1-42B9-8E66-BA4A9866E4AA}.NEW RubyMsoTwo.Build.0 = Release RunupMxo|Win32
		{48CC67D9-1BB1-42B9-8E66-BA4A9866E4AA}.NEW RunupMSO.ActiveCfg = Release RunupMxo|Win32
		{48CC67D9-1BB1-42B9-8E66-BA4A9866E4AA}.NEW RunupMSO.Build.0 = Release RunupMxo|Win32
		{48CC67D9-1BB1-42B9-8E66-BA4A9866E4AA}.NEW SUPREME.ActiveCfg = Release RunupMxo|Win32
		{48CC67D9-1BB1-42B9-8E66-BA4A9866E4AA}.NEW SUPREME.Build.0 = Release RunupMxo|Win32
		{48CC67D9-1BB1-42B9-8E66-BA4A9866E4AA}.NEW WARMSO.ActiveCfg = Release RunupMxo|Win32
		{48CC67D9-1BB1-42B9-8E66-BA4A9866E4AA}.NEW WARMSO.Build.0 = Release RunupMxo|Win32
		{48CC67D9-1BB1-42B9-8E66-BA4A9866E4AA}.Release.ActiveCfg = Release|Win32
		{48CC67D9-1BB1-42B9-8E66-BA4A9866E4AA}.Release.Build.0 = Release|Win32
		{48CC67D9-1BB1-42B9-8E66-BA4A9866E4AA}.Release KhairulIkmal.ActiveCfg = Release KhairulIkmal|Win32
		{48CC67D9-1BB1-42B9-8E66-BA4A9866E4AA}.Release KhairulIkmal.Build.0 = Release KhairulIkmal|Win32
		{48CC67D9-1BB1-42B9-8E66-BA4A9866E4AA}.Release LIFEMSO.ActiveCfg = Release RunupMxo|Win32
		{48CC67D9-1BB1-42B9-8E66-BA4A9866E4AA}.Release LIFEMSO.Build.0 = Release RunupMxo|Win32
		{48CC67D9-1BB1-42B9-8E66-BA4A9866E4AA}.Release OriginMSO.ActiveCfg = Release RunupMxo|Win32
		{48CC67D9-1BB1-42B9-8E66-BA4A9866E4AA}.Release OriginMSO.Build.0 = Release RunupMxo|Win32
		{48CC67D9-1BB1-42B9-8E66-BA4A9866E4AA}.Release OZMSO.ActiveCfg = Release RunupMxo|Win32
		{48CC67D9-1BB1-42B9-8E66-BA4A9866E4AA}.Release OZMSO.Build.0 = Release RunupMxo|Win32
		{48CC67D9-1BB1-42B9-8E66-BA4A9866E4AA}.Release RavenMso.ActiveCfg = Release RunupMxo|Win32
		{48CC67D9-1BB1-42B9-8E66-BA4A9866E4AA}.Release RavenMso.Build.0 = Release RunupMxo|Win32
		{48CC67D9-1BB1-42B9-8E66-BA4A9866E4AA}.Release RevoMso.ActiveCfg = Release RunupMxo|Win32
		{48CC67D9-1BB1-42B9-8E66-BA4A9866E4AA}.Release RevoMso.Build.0 = Release RunupMxo|Win32
		{48CC67D9-1BB1-42B9-8E66-BA4A9866E4AA}.Release RunupMxo.ActiveCfg = Release RunupMxo|Win32
		{48CC67D9-1BB1-42B9-8E66-BA4A9866E4AA}.Release RunupMxo.Build.0 = Release RunupMxo|Win32
		{48CC67D9-1BB1-42B9-8E66-BA4A9866E4AA}.Release WePlayMSO.ActiveCfg = Release|Win32
		{48CC67D9-1BB1-42B9-8E66-BA4A9866E4AA}.Release WePlayMSO.Build.0 = Release|Win32
		{48CC67D9-1BB1-42B9-8E66-BA4A9866E4AA}.TESTING.ActiveCfg = Release RunupMxo|Win32
		{48CC67D9-1BB1-42B9-8E66-BA4A9866E4AA}.TESTING.Build.0 = Release RunupMxo|Win32
		{1B17878E-9CB1-422B-985C-F07C3E5678D8}.Debug.ActiveCfg = Debug|Win32
		{1B17878E-9CB1-422B-985C-F07C3E5678D8}.Debug.Build.0 = Debug|Win32
		{1B17878E-9CB1-422B-985C-F07C3E5678D8}.DEV.ActiveCfg = Debug|Win32
		{1B17878E-9CB1-422B-985C-F07C3E5678D8}.DEV.Build.0 = Debug|Win32
		{1B17878E-9CB1-422B-985C-F07C3E5678D8}.JACK.ActiveCfg = Debug|Win32
		{1B17878E-9CB1-422B-985C-F07C3E5678D8}.JACK.Build.0 = Debug|Win32
		{1B17878E-9CB1-422B-985C-F07C3E5678D8}.NEW _OZMSO_.ActiveCfg = Debug|Win32
		{1B17878E-9CB1-422B-985C-F07C3E5678D8}.NEW _OZMSO_.Build.0 = Debug|Win32
		{1B17878E-9CB1-422B-985C-F07C3E5678D8}.NEW GUMMY.ActiveCfg = Debug|Win32
		{1B17878E-9CB1-422B-985C-F07C3E5678D8}.NEW GUMMY.Build.0 = Debug|Win32
		{1B17878E-9CB1-422B-985C-F07C3E5678D8}.NEW KEN.ActiveCfg = Debug|Win32
		{1B17878E-9CB1-422B-985C-F07C3E5678D8}.NEW KEN.Build.0 = Debug|Win32
		{1B17878E-9CB1-422B-985C-F07C3E5678D8}.NEW KhairulIkmal.ActiveCfg = Debug|Win32
		{1B17878E-9CB1-422B-985C-F07C3E5678D8}.NEW KhairulIkmal.Build.0 = Debug|Win32
		{1B17878E-9CB1-422B-985C-F07C3E5678D8}.NEW MissMso.ActiveCfg = Debug|Win32
		{1B17878E-9CB1-422B-985C-F07C3E5678D8}.NEW MissMso.Build.0 = Debug|Win32
		{1B17878E-9CB1-422B-985C-F07C3E5678D8}.NEW OZMSO.ActiveCfg = Debug|Win32
		{1B17878E-9CB1-422B-985C-F07C3E5678D8}.NEW OZMSO.Build.0 = Debug|Win32
		{1B17878E-9CB1-422B-985C-F07C3E5678D8}.NEW Raven.ActiveCfg = Debug|Win32
		{1B17878E-9CB1-422B-985C-F07C3E5678D8}.NEW Raven.Build.0 = Debug|Win32
		{1B17878E-9CB1-422B-985C-F07C3E5678D8}.NEW RiotMSO.ActiveCfg = Debug|Win32
		{1B17878E-9CB1-422B-985C-F07C3E5678D8}.NEW RiotMSO.Build.0 = Debug|Win32
		{1B17878E-9CB1-422B-985C-F07C3E5678D8}.NEW RUBY.ActiveCfg = Debug|Win32
		{1B17878E-9CB1-422B-985C-F07C3E5678D8}.NEW RUBY.Build.0 = Debug|Win32
		{1B17878E-9CB1-422B-985C-F07C3E5678D8}.NEW RubyMsoTwo.ActiveCfg = Debug|Win32
		{1B17878E-9CB1-422B-985C-F07C3E5678D8}.NEW RubyMsoTwo.Build.0 = Debug|Win32
		{1B17878E-9CB1-422B-985C-F07C3E5678D8}.NEW RunupMSO.ActiveCfg = Debug|Win32
		{1B17878E-9CB1-422B-985C-F07C3E5678D8}.NEW RunupMSO.Build.0 = Debug|Win32
		{1B17878E-9CB1-422B-985C-F07C3E5678D8}.NEW SUPREME.ActiveCfg = Debug|Win32
		{1B17878E-9CB1-422B-985C-F07C3E5678D8}.NEW SUPREME.Build.0 = Debug|Win32
		{1B17878E-9CB1-422B-985C-F07C3E5678D8}.NEW WARMSO.ActiveCfg = Debug|Win32
		{1B17878E-9CB1-422B-985C-F07C3E5678D8}.NEW WARMSO.Build.0 = Debug|Win32
		{1B17878E-9CB1-422B-985C-F07C3E5678D8}.Release.ActiveCfg = Release|Win32
		{1B17878E-9CB1-422B-985C-F07C3E5678D8}.Release.Build.0 = Release|Win32
		{1B17878E-9CB1-422B-985C-F07C3E5678D8}.Release KhairulIkmal.ActiveCfg = Release|Win32
		{1B17878E-9CB1-422B-985C-F07C3E5678D8}.Release KhairulIkmal.Build.0 = Release|Win32
		{1B17878E-9CB1-422B-985C-F07C3E5678D8}.Release LIFEMSO.ActiveCfg = Release|Win32
		{1B17878E-9CB1-422B-985C-F07C3E5678D8}.Release LIFEMSO.Build.0 = Release|Win32
		{1B17878E-9CB1-422B-985C-F07C3E5678D8}.Release OriginMSO.ActiveCfg = Release|Win32
		{1B17878E-9CB1-422B-985C-F07C3E5678D8}.Release OriginMSO.Build.0 = Release|Win32
		{1B17878E-9CB1-422B-985C-F07C3E5678D8}.Release OZMSO.ActiveCfg = Release|Win32
		{1B17878E-9CB1-422B-985C-F07C3E5678D8}.Release OZMSO.Build.0 = Release|Win32
		{1B17878E-9CB1-422B-985C-F07C3E5678D8}.Release RavenMso.ActiveCfg = Release|Win32
		{1B17878E-9CB1-422B-985C-F07C3E5678D8}.Release RavenMso.Build.0 = Release|Win32
		{1B17878E-9CB1-422B-985C-F07C3E5678D8}.Release RevoMso.ActiveCfg = Release|Win32
		{1B17878E-9CB1-422B-985C-F07C3E5678D8}.Release RevoMso.Build.0 = Release|Win32
		{1B17878E-9CB1-422B-985C-F07C3E5678D8}.Release RunupMxo.ActiveCfg = Release|Win32
		{1B17878E-9CB1-422B-985C-F07C3E5678D8}.Release RunupMxo.Build.0 = Release|Win32
		{1B17878E-9CB1-422B-985C-F07C3E5678D8}.Release WePlayMSO.ActiveCfg = Release|Win32
		{1B17878E-9CB1-422B-985C-F07C3E5678D8}.Release WePlayMSO.Build.0 = Release|Win32
		{1B17878E-9CB1-422B-985C-F07C3E5678D8}.TESTING.ActiveCfg = Debug|Win32
		{1B17878E-9CB1-422B-985C-F07C3E5678D8}.TESTING.Build.0 = Debug|Win32
		{09ABE509-9B23-4D2F-B2F3-F7B5A5CB953B}.Debug.ActiveCfg = Debug|Win32
		{09ABE509-9B23-4D2F-B2F3-F7B5A5CB953B}.Debug.Build.0 = Debug|Win32
		{09ABE509-9B23-4D2F-B2F3-F7B5A5CB953B}.DEV.ActiveCfg = DEV|Win32
		{09ABE509-9B23-4D2F-B2F3-F7B5A5CB953B}.DEV.Build.0 = DEV|Win32
		{09ABE509-9B23-4D2F-B2F3-F7B5A5CB953B}.JACK.ActiveCfg = JACK|Win32
		{09ABE509-9B23-4D2F-B2F3-F7B5A5CB953B}.JACK.Build.0 = JACK|Win32
		{09ABE509-9B23-4D2F-B2F3-F7B5A5CB953B}.NEW _OZMSO_.ActiveCfg = NEW _OZMSO_|Win32
		{09ABE509-9B23-4D2F-B2F3-F7B5A5CB953B}.NEW _OZMSO_.Build.0 = NEW _OZMSO_|Win32
		{09ABE509-9B23-4D2F-B2F3-F7B5A5CB953B}.NEW GUMMY.ActiveCfg = NEW GUMMY|Win32
		{09ABE509-9B23-4D2F-B2F3-F7B5A5CB953B}.NEW GUMMY.Build.0 = NEW GUMMY|Win32
		{09ABE509-9B23-4D2F-B2F3-F7B5A5CB953B}.NEW KEN.ActiveCfg = NEW KEN|Win32
		{09ABE509-9B23-4D2F-B2F3-F7B5A5CB953B}.NEW KEN.Build.0 = NEW KEN|Win32
		{09ABE509-9B23-4D2F-B2F3-F7B5A5CB953B}.NEW KhairulIkmal.ActiveCfg = NEW KhairulIkmal|Win32
		{09ABE509-9B23-4D2F-B2F3-F7B5A5CB953B}.NEW KhairulIkmal.Build.0 = NEW KhairulIkmal|Win32
		{09ABE509-9B23-4D2F-B2F3-F7B5A5CB953B}.NEW MissMso.ActiveCfg = NEW MissMso|Win32
		{09ABE509-9B23-4D2F-B2F3-F7B5A5CB953B}.NEW MissMso.Build.0 = NEW MissMso|Win32
		{09ABE509-9B23-4D2F-B2F3-F7B5A5CB953B}.NEW OZMSO.ActiveCfg = NEW OZMSO|Win32
		{09ABE509-9B23-4D2F-B2F3-F7B5A5CB953B}.NEW OZMSO.Build.0 = NEW OZMSO|Win32
		{09ABE509-9B23-4D2F-B2F3-F7B5A5CB953B}.NEW Raven.ActiveCfg = NEW Raven|Win32
		{09ABE509-9B23-4D2F-B2F3-F7B5A5CB953B}.NEW Raven.Build.0 = NEW Raven|Win32
		{09ABE509-9B23-4D2F-B2F3-F7B5A5CB953B}.NEW RiotMSO.ActiveCfg = NEW RiotMSO|Win32
		{09ABE509-9B23-4D2F-B2F3-F7B5A5CB953B}.NEW RiotMSO.Build.0 = NEW RiotMSO|Win32
		{09ABE509-9B23-4D2F-B2F3-F7B5A5CB953B}.NEW RUBY.ActiveCfg = NEW RUBY|Win32
		{09ABE509-9B23-4D2F-B2F3-F7B5A5CB953B}.NEW RUBY.Build.0 = NEW RUBY|Win32
		{09ABE509-9B23-4D2F-B2F3-F7B5A5CB953B}.NEW RubyMsoTwo.ActiveCfg = NEW RubyMsoTwo|Win32
		{09ABE509-9B23-4D2F-B2F3-F7B5A5CB953B}.NEW RubyMsoTwo.Build.0 = NEW RubyMsoTwo|Win32
		{09ABE509-9B23-4D2F-B2F3-F7B5A5CB953B}.NEW RunupMSO.ActiveCfg = NEW RunupMSO|Win32
		{09ABE509-9B23-4D2F-B2F3-F7B5A5CB953B}.NEW RunupMSO.Build.0 = NEW RunupMSO|Win32
		{09ABE509-9B23-4D2F-B2F3-F7B5A5CB953B}.NEW SUPREME.ActiveCfg = NEW SUPREME|Win32
		{09ABE509-9B23-4D2F-B2F3-F7B5A5CB953B}.NEW SUPREME.Build.0 = NEW SUPREME|Win32
		{09ABE509-9B23-4D2F-B2F3-F7B5A5CB953B}.NEW WARMSO.ActiveCfg = NEW WARMSO|Win32
		{09ABE509-9B23-4D2F-B2F3-F7B5A5CB953B}.NEW WARMSO.Build.0 = NEW WARMSO|Win32
		{09ABE509-9B23-4D2F-B2F3-F7B5A5CB953B}.Release.ActiveCfg = Release|Win32
		{09ABE509-9B23-4D2F-B2F3-F7B5A5CB953B}.Release.Build.0 = Release|Win32
		{09ABE509-9B23-4D2F-B2F3-F7B5A5CB953B}.Release KhairulIkmal.ActiveCfg = Release KhairulIkmal|Win32
		{09ABE509-9B23-4D2F-B2F3-F7B5A5CB953B}.Release KhairulIkmal.Build.0 = Release KhairulIkmal|Win32
		{09ABE509-9B23-4D2F-B2F3-F7B5A5CB953B}.Release LIFEMSO.ActiveCfg = Release LIFEMSO|Win32
		{09ABE509-9B23-4D2F-B2F3-F7B5A5CB953B}.Release LIFEMSO.Build.0 = Release LIFEMSO|Win32
		{09ABE509-9B23-4D2F-B2F3-F7B5A5CB953B}.Release OriginMSO.ActiveCfg = Release OriginMSO|Win32
		{09ABE509-9B23-4D2F-B2F3-F7B5A5CB953B}.Release OriginMSO.Build.0 = Release OriginMSO|Win32
		{09ABE509-9B23-4D2F-B2F3-F7B5A5CB953B}.Release OZMSO.ActiveCfg = Release OZMSO|Win32
		{09ABE509-9B23-4D2F-B2F3-F7B5A5CB953B}.Release OZMSO.Build.0 = Release OZMSO|Win32
		{09ABE509-9B23-4D2F-B2F3-F7B5A5CB953B}.Release RavenMso.ActiveCfg = Release RavenMso|Win32
		{09ABE509-9B23-4D2F-B2F3-F7B5A5CB953B}.Release RavenMso.Build.0 = Release RavenMso|Win32
		{09ABE509-9B23-4D2F-B2F3-F7B5A5CB953B}.Release RevoMso.ActiveCfg = Release RevoMso|Win32
		{09ABE509-9B23-4D2F-B2F3-F7B5A5CB953B}.Release RevoMso.Build.0 = Release RevoMso|Win32
		{09ABE509-9B23-4D2F-B2F3-F7B5A5CB953B}.Release RunupMxo.ActiveCfg = Release RunupMxo|Win32
		{09ABE509-9B23-4D2F-B2F3-F7B5A5CB953B}.Release RunupMxo.Build.0 = Release RunupMxo|Win32
		{09ABE509-9B23-4D2F-B2F3-F7B5A5CB953B}.Release WePlayMSO.ActiveCfg = Release WePlayMSO|Win32
		{09ABE509-9B23-4D2F-B2F3-F7B5A5CB953B}.Release WePlayMSO.Build.0 = Release WePlayMSO|Win32
		{09ABE509-9B23-4D2F-B2F3-F7B5A5CB953B}.TESTING.ActiveCfg = TESTING|Win32
		{09ABE509-9B23-4D2F-B2F3-F7B5A5CB953B}.TESTING.Build.0 = TESTING|Win32
	EndGlobalSection
	GlobalSection(ExtensibilityGlobals) = postSolution
	EndGlobalSection
	GlobalSection(ExtensibilityAddIns) = postSolution
	EndGlobalSection
	GlobalSection(SolutionProperties) = preSolution
		HideSolutionNode = FALSE
	EndGlobalSection
EndGlobal
