<?xml version="1.0" encoding="utf-8"?>
<Project ToolsVersion="4.0" xmlns="http://schemas.microsoft.com/developer/msbuild/2003">
  <ItemGroup>
    <Filter Include="리소스 파일">
      <UniqueIdentifier>{67DA6AB6-F800-4c08-8B7A-83BB121AAD01}</UniqueIdentifier>
      <Extensions>rc;ico;cur;bmp;dlg;rc2;rct;bin;rgs;gif;jpg;jpeg;jpe;resx</Extensions>
    </Filter>
    <Filter Include="Dialog">
      <UniqueIdentifier>{c5e51eac-0c84-4374-91f3-a995aec446cf}</UniqueIdentifier>
    </Filter>
    <Filter Include="Tool">
      <UniqueIdentifier>{a33c3658-ebdc-46dd-8dce-ab8dc7bbbe1a}</UniqueIdentifier>
    </Filter>
    <Filter Include="Lib">
      <UniqueIdentifier>{e9ee98e4-d82a-4f4b-86ca-e1bfdb462226}</UniqueIdentifier>
    </Filter>
    <Filter Include="Lib\AES">
      <UniqueIdentifier>{cdc8c228-77b9-4ce7-a44f-ea43f9df45b6}</UniqueIdentifier>
    </Filter>
    <Filter Include="Lib\TinyXml">
      <UniqueIdentifier>{35db482a-7235-42a8-b99a-651d2d82552b}</UniqueIdentifier>
    </Filter>
    <Filter Include="Lib\ScriptTest">
      <UniqueIdentifier>{f87919a7-43c6-48af-9991-1f26b8be008a}</UniqueIdentifier>
    </Filter>
  </ItemGroup>
  <ItemGroup>
    <ResourceCompile Include="NewPackingTool.rc">
      <Filter>리소스 파일</Filter>
    </ResourceCompile>
  </ItemGroup>
  <ItemGroup>
    <None Include="res\NewPackingTool.rc2">
      <Filter>리소스 파일</Filter>
    </None>
    <None Include="FileLIstDlg.htm" />
  </ItemGroup>
  <ItemGroup>
    <Image Include="res\NewPackingToolDoc.ico">
      <Filter>리소스 파일</Filter>
    </Image>
    <Image Include="res\newpacktool.ico">
      <Filter>리소스 파일</Filter>
    </Image>
    <Image Include="res\Toolbar.bmp">
      <Filter>리소스 파일</Filter>
    </Image>
  </ItemGroup>
  <ItemGroup>
    <ClCompile Include="CoolDialogBar.cpp">
      <Filter>Dialog</Filter>
    </ClCompile>
    <ClCompile Include="FileListDlg.cpp">
      <Filter>Dialog</Filter>
    </ClCompile>
    <ClCompile Include="OutPutDlg.cpp">
      <Filter>Dialog</Filter>
    </ClCompile>
    <ClCompile Include="MainFrm.cpp">
      <Filter>Tool</Filter>
    </ClCompile>
    <ClCompile Include="NewPackingTool.cpp">
      <Filter>Tool</Filter>
    </ClCompile>
    <ClCompile Include="NewPackingToolDoc.cpp">
      <Filter>Tool</Filter>
    </ClCompile>
    <ClCompile Include="NewPackingToolView.cpp">
      <Filter>Tool</Filter>
    </ClCompile>
    <ClCompile Include="stdafx.cpp">
      <Filter>Tool</Filter>
    </ClCompile>
    <ClCompile Include="MHFileEx.cpp">
      <Filter>Lib</Filter>
    </ClCompile>
    <ClCompile Include="MHFileMng.cpp">
      <Filter>Lib</Filter>
    </ClCompile>
    <ClCompile Include="..\[CC]Header\Aes\aes.cpp">
      <Filter>Lib\AES</Filter>
    </ClCompile>
    <ClCompile Include="..\[CC]Header\AESFile.cpp">
      <Filter>Lib\AES</Filter>
    </ClCompile>
    <ClCompile Include="tinyxml\tinystr.cpp">
      <Filter>Lib\TinyXml</Filter>
    </ClCompile>
    <ClCompile Include="tinyxml\tinyxml.cpp">
      <Filter>Lib\TinyXml</Filter>
    </ClCompile>
    <ClCompile Include="tinyxml\tinyxmlerror.cpp">
      <Filter>Lib\TinyXml</Filter>
    </ClCompile>
    <ClCompile Include="tinyxml\tinyxmlparser.cpp">
      <Filter>Lib\TinyXml</Filter>
    </ClCompile>
    <ClCompile Include="ScriptTest.cpp">
      <Filter>Lib\ScriptTest</Filter>
    </ClCompile>
    <ClCompile Include="ScriptTestMode.cpp">
      <Filter>Lib\ScriptTest</Filter>
    </ClCompile>
    <ClCompile Include="ScriptTestStr.cpp">
      <Filter>Lib\ScriptTest</Filter>
    </ClCompile>
  </ItemGroup>
  <ItemGroup>
    <ClInclude Include="CoolDialogBar.h">
      <Filter>Dialog</Filter>
    </ClInclude>
    <ClInclude Include="FileListDlg.h">
      <Filter>Dialog</Filter>
    </ClInclude>
    <ClInclude Include="OutPutDlg.h">
      <Filter>Dialog</Filter>
    </ClInclude>
    <ClInclude Include="MainFrm.h">
      <Filter>Tool</Filter>
    </ClInclude>
    <ClInclude Include="NewPackingTool.h">
      <Filter>Tool</Filter>
    </ClInclude>
    <ClInclude Include="NewPackingToolDoc.h">
      <Filter>Tool</Filter>
    </ClInclude>
    <ClInclude Include="NewPackingToolView.h">
      <Filter>Tool</Filter>
    </ClInclude>
    <ClInclude Include="Resource.h">
      <Filter>Tool</Filter>
    </ClInclude>
    <ClInclude Include="stdafx.h">
      <Filter>Tool</Filter>
    </ClInclude>
    <ClInclude Include="MHFileEx.h">
      <Filter>Lib</Filter>
    </ClInclude>
    <ClInclude Include="MHFileMng.h">
      <Filter>Lib</Filter>
    </ClInclude>
    <ClInclude Include="..\[CC]Header\Aes\aes.h">
      <Filter>Lib\AES</Filter>
    </ClInclude>
    <ClInclude Include="..\[CC]Header\AESFile.h">
      <Filter>Lib\AES</Filter>
    </ClInclude>
    <ClInclude Include="tinyxml\tinystr.h">
      <Filter>Lib\TinyXml</Filter>
    </ClInclude>
    <ClInclude Include="tinyxml\tinyxml.h">
      <Filter>Lib\TinyXml</Filter>
    </ClInclude>
    <ClInclude Include="ScriptTest.h">
      <Filter>Lib\ScriptTest</Filter>
    </ClInclude>
    <ClInclude Include="ScriptTestMode.h">
      <Filter>Lib\ScriptTest</Filter>
    </ClInclude>
    <ClInclude Include="ScriptTestStr.h">
      <Filter>Lib\ScriptTest</Filter>
    </ClInclude>
  </ItemGroup>
  <ItemGroup>
    <Text Include="ReadMe.txt" />
  </ItemGroup>
  <ItemGroup>
    <CustomBuild Include="res\NewPackingTool.manifest" />
  </ItemGroup>
</Project>