<?xml version="1.0" encoding="utf-8"?>
<Project ToolsVersion="4.0" xmlns="http://schemas.microsoft.com/developer/msbuild/2003">
  <ItemGroup>
    <Filter Include="Source Files">
      <UniqueIdentifier>{7c3bdbd0-fb35-429f-918b-819642ab1251}</UniqueIdentifier>
      <Extensions>cpp;c;cxx;rc;def;r;odl;idl;hpj;bat</Extensions>
    </Filter>
    <Filter Include="Resource Files">
      <UniqueIdentifier>{d6ef54fe-96ad-4fc4-abf1-60569b5f589e}</UniqueIdentifier>
      <Extensions>ico;cur;bmp;dlg;rc2;rct;bin;rgs;gif;jpg;jpeg;jpe</Extensions>
    </Filter>
    <Filter Include="Source Files\AES">
      <UniqueIdentifier>{dec1e9bc-14f9-4d2c-b7ff-d48c7e85dc02}</UniqueIdentifier>
    </Filter>
    <Filter Include="ETC">
      <UniqueIdentifier>{04eee29e-0be6-447c-92b7-4824908f7726}</UniqueIdentifier>
    </Filter>
    <Filter Include="SingleInstance">
      <UniqueIdentifier>{5ade9441-31dd-4db1-b580-42922ed855c5}</UniqueIdentifier>
    </Filter>
  </ItemGroup>
  <ItemGroup>
    <ClCompile Include="ExtDlg.cpp">
      <Filter>Source Files</Filter>
    </ClCompile>
    <ClCompile Include="MHFileEx.cpp">
      <Filter>Source Files</Filter>
    </ClCompile>
    <ClCompile Include="MHFileMng.cpp">
      <Filter>Source Files</Filter>
    </ClCompile>
    <ClCompile Include="MyEdit.cpp">
      <Filter>Source Files</Filter>
    </ClCompile>
    <ClCompile Include="PackingTool.cpp">
      <Filter>Source Files</Filter>
    </ClCompile>
    <ClCompile Include="PackingToolDlg.cpp">
      <Filter>Source Files</Filter>
    </ClCompile>
    <ClCompile Include="StdAfx.cpp">
      <Filter>Source Files</Filter>
    </ClCompile>
    <ClCompile Include="..\[CC]Header\AES\aes.cpp">
      <Filter>Source Files\AES</Filter>
    </ClCompile>
    <ClCompile Include="..\[CC]Header\AESFile.cpp">
      <Filter>Source Files\AES</Filter>
    </ClCompile>
    <ClCompile Include="SaveAsDlg.cpp">
      <Filter>Source Files</Filter>
    </ClCompile>
    <ClCompile Include="TList.cpp">
      <Filter>ETC</Filter>
    </ClCompile>
    <ClCompile Include="cLinkedList.cpp">
      <Filter>ETC</Filter>
    </ClCompile>
    <ClCompile Include="MiruquMemoryPool.cpp">
      <Filter>ETC</Filter>
    </ClCompile>
    <ClCompile Include="SelectFontDlg.cpp">
      <Filter>Source Files</Filter>
    </ClCompile>
    <ClCompile Include="singleinstance.cpp">
      <Filter>SingleInstance</Filter>
    </ClCompile>
    <ClCompile Include="cmdline.cpp">
      <Filter>SingleInstance</Filter>
    </ClCompile>
  </ItemGroup>
  <ItemGroup>
    <ClInclude Include="..\[CC]Header\AES\aes.h">
      <Filter>Source Files\AES</Filter>
    </ClInclude>
    <ClInclude Include="..\[CC]Header\AESFile.h">
      <Filter>Source Files\AES</Filter>
    </ClInclude>
    <ClInclude Include="ExtDlg.h">
      <Filter>Source Files</Filter>
    </ClInclude>
    <ClInclude Include="..\[CC]Header\JackHeaderStruct.h">
      <Filter>Source Files</Filter>
    </ClInclude>
    <ClInclude Include="MHFileEx.h">
      <Filter>Source Files</Filter>
    </ClInclude>
    <ClInclude Include="MHFileMng.h">
      <Filter>Source Files</Filter>
    </ClInclude>
    <ClInclude Include="MyEdit.h">
      <Filter>Source Files</Filter>
    </ClInclude>
    <ClInclude Include="PackingTool.h">
      <Filter>Source Files</Filter>
    </ClInclude>
    <ClInclude Include="PackingToolDlg.h">
      <Filter>Source Files</Filter>
    </ClInclude>
    <ClInclude Include="ResizeDialog.h">
      <Filter>Source Files</Filter>
    </ClInclude>
    <ClInclude Include="Resource.h">
      <Filter>Source Files</Filter>
    </ClInclude>
    <ClInclude Include="StdAfx.h">
      <Filter>Source Files</Filter>
    </ClInclude>
    <ClInclude Include="SaveAsDlg.h">
      <Filter>Source Files</Filter>
    </ClInclude>
    <ClInclude Include="TList.h">
      <Filter>ETC</Filter>
    </ClInclude>
    <ClInclude Include="cLinkedList.h">
      <Filter>ETC</Filter>
    </ClInclude>
    <ClInclude Include="MiruquMemoryPool.h">
      <Filter>ETC</Filter>
    </ClInclude>
    <ClInclude Include="SelectFontDlg.h">
      <Filter>Source Files</Filter>
    </ClInclude>
    <ClInclude Include="singleinstance.h">
      <Filter>SingleInstance</Filter>
    </ClInclude>
    <ClInclude Include="cmdline.h">
      <Filter>SingleInstance</Filter>
    </ClInclude>
  </ItemGroup>
  <ItemGroup>
    <Image Include="res\PackingTool.ico">
      <Filter>Resource Files</Filter>
    </Image>
    <Image Include="res\font.bmp">
      <Filter>Resource Files</Filter>
    </Image>
  </ItemGroup>
  <ItemGroup>
    <None Include="res\PackingTool.rc2">
      <Filter>Resource Files</Filter>
    </None>
  </ItemGroup>
  <ItemGroup>
    <Text Include="ReadMe.txt" />
  </ItemGroup>
  <ItemGroup>
    <ResourceCompile Include="PackingTool.rc">
      <Filter>Resource Files</Filter>
    </ResourceCompile>
  </ItemGroup>
</Project>